<?xml version="1.0" encoding="utf-8"?>
<Project ToolsVersion="4.0" xmlns="http://schemas.microsoft.com/developer/msbuild/2003">
  <ItemGroup>
    <Filter Include="ソース ファイル">
      <UniqueIdentifier>{4FC737F1-C7A5-4376-A066-2A32D752A2FF}</UniqueIdentifier>
      <Extensions>cpp;c;cc;cxx;def;odl;idl;hpj;bat;asm;asmx</Extensions>
    </Filter>
    <Filter Include="ヘッダー ファイル">
      <UniqueIdentifier>{93995380-89BD-4b04-88EB-625FBE52EBFB}</UniqueIdentifier>
      <Extensions>h;hh;hpp;hxx;hm;inl;inc;xsd</Extensions>
    </Filter>
    <Filter Include="リソース ファイル">
      <UniqueIdentifier>{67DA6AB6-F800-4c08-8B7A-83BB121AAD01}</UniqueIdentifier>
      <Extensions>rc;ico;cur;bmp;dlg;rc2;rct;bin;rgs;gif;jpg;jpeg;jpe;resx;tiff;tif;png;wav;mfcribbon-ms</Extensions>
    </Filter>
    <Filter Include="ソース ファイル\BulletPhysics">
      <UniqueIdentifier>{1f27f491-1791-459c-ac30-70e165085359}</UniqueIdentifier>
    </Filter>
    <Filter Include="ソース ファイル\Frame">
      <UniqueIdentifier>{beb15e38-c9a4-4ee2-a2ac-e8bb30b7b2d7}</UniqueIdentifier>
    </Filter>
    <Filter Include="ソース ファイル\Particle">
      <UniqueIdentifier>{67bd749b-e8af-4474-a3cf-b185ba5f1d95}</UniqueIdentifier>
    </Filter>
    <Filter Include="ソース ファイル\Sound">
      <UniqueIdentifier>{49b09699-3da4-4f85-afc1-6cc205e1915e}</UniqueIdentifier>
    </Filter>
    <Filter Include="ソース ファイル\Title">
      <UniqueIdentifier>{1a430cfa-b9db-45ba-b3ec-c53d7e88ac9a}</UniqueIdentifier>
    </Filter>
    <Filter Include="ソース ファイル\Result">
      <UniqueIdentifier>{953d27af-ad6b-4393-b5f3-47abf70e2900}</UniqueIdentifier>
    </Filter>
    <Filter Include="ソース ファイル\Physics">
      <UniqueIdentifier>{b4d8abcd-e01f-450c-a2d3-b286d05c24fd}</UniqueIdentifier>
    </Filter>
    <Filter Include="ソース ファイル\Scene">
      <UniqueIdentifier>{a8e6b00f-1a59-4a6f-8879-d1ae54b29249}</UniqueIdentifier>
    </Filter>
    <Filter Include="ソース ファイル\Pad">
      <UniqueIdentifier>{fa6906b0-780d-47fe-b1d5-c2aef6917411}</UniqueIdentifier>
    </Filter>
    <Filter Include="ソース ファイル\Lib">
      <UniqueIdentifier>{34269f86-fcf0-417d-bbaf-01a363a64e09}</UniqueIdentifier>
    </Filter>
    <Filter Include="ソース ファイル\Character">
      <UniqueIdentifier>{370b7457-19fc-45b8-b52b-db5bb61acc76}</UniqueIdentifier>
    </Filter>
    <Filter Include="ソース ファイル\Tk">
      <UniqueIdentifier>{a2bbd92c-fe74-41f8-afab-5b57c3a2c0b7}</UniqueIdentifier>
    </Filter>
    <Filter Include="ソース ファイル\Game">
      <UniqueIdentifier>{a489d0b9-264e-497c-b0a9-0abfdd8da993}</UniqueIdentifier>
    </Filter>
    <Filter Include="ソース ファイル\Game\Camera">
      <UniqueIdentifier>{3af2cb3a-dc6d-41d1-86f8-32b5e28ede55}</UniqueIdentifier>
    </Filter>
    <Filter Include="ソース ファイル\Game\Light">
      <UniqueIdentifier>{e55dd8f5-62fa-45ff-ab41-d2571f65eaf3}</UniqueIdentifier>
    </Filter>
    <Filter Include="ソース ファイル\Game\Map">
      <UniqueIdentifier>{9923a6c6-f146-446d-bcf1-dff918d5b2f2}</UniqueIdentifier>
    </Filter>
    <Filter Include="ソース ファイル\Game\Player">
      <UniqueIdentifier>{b8e7f45e-4d0b-46d3-9a9e-3260acd9c344}</UniqueIdentifier>
    </Filter>
    <Filter Include="ソース ファイル\Game\Enemy">
      <UniqueIdentifier>{5ac5cf26-9ce6-48ae-b7d9-dcfaaa9c6318}</UniqueIdentifier>
    </Filter>
    <Filter Include="ソース ファイル\Coin">
      <UniqueIdentifier>{963f9f9a-6337-47f7-a45b-65bfae42d4db}</UniqueIdentifier>
    </Filter>
    <Filter Include="ソース ファイル\Game\Gimmick">
      <UniqueIdentifier>{77327e76-ae76-40fb-8128-a13bd7bd5c46}</UniqueIdentifier>
    </Filter>
    <Filter Include="ソース ファイル\Game\Goal">
      <UniqueIdentifier>{4e26c4d1-b5c3-414d-ba57-05018573573b}</UniqueIdentifier>
    </Filter>
    <Filter Include="ソース ファイル\Game\Pipe">
      <UniqueIdentifier>{6e29d282-0b5b-4416-b1d2-427533b21037}</UniqueIdentifier>
    </Filter>
    <Filter Include="ソース ファイル\Game\Block">
      <UniqueIdentifier>{a8a4153e-7f55-4135-9ba5-45d86babef2e}</UniqueIdentifier>
    </Filter>
    <Filter Include="ソース ファイル\Game\Boss">
      <UniqueIdentifier>{9c7d2a46-52e3-4c91-b2eb-fcba0ffb04d1}</UniqueIdentifier>
    </Filter>
  </ItemGroup>
  <ItemGroup>
    <ClCompile Include="main.cpp">
      <Filter>ソース ファイル</Filter>
    </ClCompile>
    <ClCompile Include="stdafx.cpp">
      <Filter>ソース ファイル</Filter>
    </ClCompile>
    <ClCompile Include="lib\System.cpp">
      <Filter>ソース ファイル\Lib</Filter>
    </ClCompile>
    <ClCompile Include="pad\Pad.cpp">
      <Filter>ソース ファイル\Pad</Filter>
    </ClCompile>
    <ClCompile Include="tk\tkEnginePreCompile.cpp">
      <Filter>ソース ファイル\Tk</Filter>
    </ClCompile>
    <ClCompile Include="pad\KeyInput.cpp">
      <Filter>ソース ファイル\Pad</Filter>
    </ClCompile>
    <ClCompile Include="BulletPhysics\BulletPhysics.cpp">
      <Filter>ソース ファイル\BulletPhysics</Filter>
    </ClCompile>
    <ClCompile Include="Particle\ParticleEmitter.cpp">
      <Filter>ソース ファイル\Particle</Filter>
    </ClCompile>
    <ClCompile Include="Particle\Primitive.cpp">
      <Filter>ソース ファイル\Particle</Filter>
    </ClCompile>
    <ClCompile Include="Particle\VertexBuffer.cpp">
      <Filter>ソース ファイル\Particle</Filter>
    </ClCompile>
    <ClCompile Include="Particle\IndexBuffer.cpp">
      <Filter>ソース ファイル\Particle</Filter>
    </ClCompile>
    <ClCompile Include="Particle\Particle.cpp">
      <Filter>ソース ファイル\Particle</Filter>
    </ClCompile>
    <ClCompile Include="Sound\WaveFile.cpp">
      <Filter>ソース ファイル\Sound</Filter>
    </ClCompile>
    <ClCompile Include="Sound\SoundEngine.cpp">
      <Filter>ソース ファイル\Sound</Filter>
    </ClCompile>
    <ClCompile Include="Sound\SoundSource.cpp">
      <Filter>ソース ファイル\Sound</Filter>
    </ClCompile>
    <ClCompile Include="physics\SphereCollider.cpp">
      <Filter>ソース ファイル\Physics</Filter>
    </ClCompile>
    <ClCompile Include="physics\CapsuleCollider.cpp">
      <Filter>ソース ファイル\Physics</Filter>
    </ClCompile>
    <ClCompile Include="physics\RigidBody.cpp">
      <Filter>ソース ファイル\Physics</Filter>
    </ClCompile>
    <ClCompile Include="character\CharacterController.cpp">
      <Filter>ソース ファイル\Character</Filter>
    </ClCompile>
    <ClCompile Include="physics\Physics.cpp">
      <Filter>ソース ファイル\Physics</Filter>
    </ClCompile>
    <ClCompile Include="Scene\SceneManager.cpp">
      <Filter>ソース ファイル\Scene</Filter>
    </ClCompile>
    <ClCompile Include="Result\ResultGoal.cpp">
      <Filter>ソース ファイル\Result</Filter>
    </ClCompile>
    <ClCompile Include="Result\ResultLight.cpp">
      <Filter>ソース ファイル\Result</Filter>
    </ClCompile>
    <ClCompile Include="Result\ResultScene.cpp">
      <Filter>ソース ファイル\Result</Filter>
    </ClCompile>
    <ClCompile Include="Result\ResultCamera.cpp">
      <Filter>ソース ファイル\Result</Filter>
    </ClCompile>
    <ClCompile Include="Result\ResultDeath.cpp">
      <Filter>ソース ファイル\Result</Filter>
    </ClCompile>
    <ClCompile Include="Title\TitleScene.cpp">
      <Filter>ソース ファイル\Title</Filter>
    </ClCompile>
    <ClCompile Include="Title\TitleStart.cpp">
      <Filter>ソース ファイル\Title</Filter>
    </ClCompile>
    <ClCompile Include="Title\TitleStartBG.cpp">
      <Filter>ソース ファイル\Title</Filter>
    </ClCompile>
    <ClCompile Include="Title\Title.cpp">
      <Filter>ソース ファイル\Title</Filter>
    </ClCompile>
    <ClCompile Include="Title\TitleCamera.cpp">
      <Filter>ソース ファイル\Title</Filter>
    </ClCompile>
    <ClCompile Include="Title\TitleLight.cpp">
      <Filter>ソース ファイル\Title</Filter>
    </ClCompile>
    <ClCompile Include="Fade.cpp">
      <Filter>ソース ファイル</Filter>
    </ClCompile>
    <ClCompile Include="Const.cpp">
      <Filter>ソース ファイル</Filter>
    </ClCompile>
    <ClCompile Include="Frame\CalcAABBSizeFromMesh.cpp">
      <Filter>ソース ファイル\Frame</Filter>
    </ClCompile>
    <ClCompile Include="Frame\EffectManager.cpp">
      <Filter>ソース ファイル\Frame</Filter>
    </ClCompile>
    <ClCompile Include="Frame\Model.cpp">
      <Filter>ソース ファイル\Frame</Filter>
    </ClCompile>
    <ClCompile Include="Frame\RenderTarget.cpp">
      <Filter>ソース ファイル\Frame</Filter>
    </ClCompile>
    <ClCompile Include="Frame\ShadowMap.cpp">
      <Filter>ソース ファイル\Frame</Filter>
    </ClCompile>
    <ClCompile Include="Frame\SkinModel.cpp">
      <Filter>ソース ファイル\Frame</Filter>
    </ClCompile>
    <ClCompile Include="Frame\SkinModelData.cpp">
      <Filter>ソース ファイル\Frame</Filter>
    </ClCompile>
    <ClCompile Include="Frame\SkinModelDataManager.cpp">
      <Filter>ソース ファイル\Frame</Filter>
    </ClCompile>
    <ClCompile Include="Frame\Texture.cpp">
      <Filter>ソース ファイル\Frame</Filter>
    </ClCompile>
    <ClCompile Include="Frame\Turn.cpp">
      <Filter>ソース ファイル\Frame</Filter>
    </ClCompile>
    <ClCompile Include="Frame\2DImage.cpp">
      <Filter>ソース ファイル\Frame</Filter>
    </ClCompile>
    <ClCompile Include="Frame\Animation.cpp">
      <Filter>ソース ファイル\Frame</Filter>
    </ClCompile>
    <ClCompile Include="Frame\BallCollision.cpp">
      <Filter>ソース ファイル\Frame</Filter>
    </ClCompile>
    <ClCompile Include="Frame\bloom.cpp">
      <Filter>ソース ファイル\Frame</Filter>
    </ClCompile>
    <ClCompile Include="Coin\CoinGet.cpp">
      <Filter>ソース ファイル\Coin</Filter>
    </ClCompile>
    <ClCompile Include="Coin\CoinNomber.cpp">
      <Filter>ソース ファイル\Coin</Filter>
    </ClCompile>
    <ClCompile Include="Coin\Coin.cpp">
      <Filter>ソース ファイル\Coin</Filter>
    </ClCompile>
    <ClCompile Include="Coin\CoinChip.cpp">
      <Filter>ソース ファイル\Coin</Filter>
    </ClCompile>
    <ClCompile Include="Boss\BossLife.cpp">
      <Filter>ソース ファイル\Game\Boss</Filter>
    </ClCompile>
    <ClCompile Include="Boss\BossLifeChip.cpp">
      <Filter>ソース ファイル\Game\Boss</Filter>
    </ClCompile>
    <ClCompile Include="Boss\BossLifeWakuChip.cpp">
      <Filter>ソース ファイル\Game\Boss</Filter>
    </ClCompile>
    <ClCompile Include="Boss\BossName.cpp">
      <Filter>ソース ファイル\Game\Boss</Filter>
    </ClCompile>
    <ClCompile Include="Boss\Boss.cpp">
      <Filter>ソース ファイル\Game\Boss</Filter>
    </ClCompile>
    <ClCompile Include="Boss\BossClear.cpp">
      <Filter>ソース ファイル\Game\Boss</Filter>
    </ClCompile>
    <ClCompile Include="Boss\BossKatto.cpp">
      <Filter>ソース ファイル\Game\Boss</Filter>
    </ClCompile>
    <ClCompile Include="Camera\SkyCamera.cpp">
      <Filter>ソース ファイル\Game\Camera</Filter>
    </ClCompile>
    <ClCompile Include="Camera\Camera.cpp">
      <Filter>ソース ファイル\Game\Camera</Filter>
    </ClCompile>
    <ClCompile Include="Enemy\MohurunChip.cpp">
      <Filter>ソース ファイル\Game\Enemy</Filter>
    </ClCompile>
    <ClCompile Include="Enemy\Saboten.cpp">
      <Filter>ソース ファイル\Game\Enemy</Filter>
    </ClCompile>
    <ClCompile Include="Enemy\Bird.cpp">
      <Filter>ソース ファイル\Game\Enemy</Filter>
    </ClCompile>
    <ClCompile Include="Enemy\BirdChip.cpp">
      <Filter>ソース ファイル\Game\Enemy</Filter>
    </ClCompile>
    <ClCompile Include="Enemy\Kame.cpp">
      <Filter>ソース ファイル\Game\Enemy</Filter>
    </ClCompile>
    <ClCompile Include="Enemy\Mohurun.cpp">
      <Filter>ソース ファイル\Game\Enemy</Filter>
    </ClCompile>
    <ClCompile Include="Gimmick\RotationGimmick.cpp">
      <Filter>ソース ファイル\Game\Gimmick</Filter>
    </ClCompile>
    <ClCompile Include="Gimmick\Kinoko.cpp">
      <Filter>ソース ファイル\Game\Gimmick</Filter>
    </ClCompile>
    <ClCompile Include="Goal\GoalFlag.cpp">
      <Filter>ソース ファイル\Game\Goal</Filter>
    </ClCompile>
    <ClCompile Include="Goal\Goal.cpp">
      <Filter>ソース ファイル\Game\Goal</Filter>
    </ClCompile>
    <ClCompile Include="Light\Light.cpp">
      <Filter>ソース ファイル\Game\Light</Filter>
    </ClCompile>
    <ClCompile Include="Light\LightBack.cpp">
      <Filter>ソース ファイル\Game\Light</Filter>
    </ClCompile>
    <ClCompile Include="Player\Player.cpp">
      <Filter>ソース ファイル\Game\Player</Filter>
    </ClCompile>
    <ClCompile Include="Map\Stage.cpp">
      <Filter>ソース ファイル\Game\Map</Filter>
    </ClCompile>
    <ClCompile Include="Map\StageBack.cpp">
      <Filter>ソース ファイル\Game\Map</Filter>
    </ClCompile>
    <ClCompile Include="Map\Sun.cpp">
      <Filter>ソース ファイル\Game\Map</Filter>
    </ClCompile>
    <ClCompile Include="Map\Map.cpp">
      <Filter>ソース ファイル\Game\Map</Filter>
    </ClCompile>
    <ClCompile Include="Map\MapChip.cpp">
      <Filter>ソース ファイル\Game\Map</Filter>
    </ClCompile>
    <ClCompile Include="Pipe\Pipe.cpp">
      <Filter>ソース ファイル\Game\Pipe</Filter>
    </ClCompile>
    <ClCompile Include="Pipe\PipeChip.cpp">
      <Filter>ソース ファイル\Game\Pipe</Filter>
    </ClCompile>
    <ClCompile Include="Block\NBlock.cpp">
      <Filter>ソース ファイル\Game\Block</Filter>
    </ClCompile>
    <ClCompile Include="Block\NBlockChip.cpp">
      <Filter>ソース ファイル\Game\Block</Filter>
    </ClCompile>
    <ClCompile Include="Block\NoBlock.cpp">
      <Filter>ソース ファイル\Game\Block</Filter>
    </ClCompile>
    <ClCompile Include="Block\HatenaBox.cpp">
      <Filter>ソース ファイル\Game\Block</Filter>
    </ClCompile>
  </ItemGroup>
  <ItemGroup>
    <ClInclude Include="stdafx.h">
      <Filter>ソース ファイル</Filter>
    </ClInclude>
    <ClInclude Include="lib\System.h">
      <Filter>ソース ファイル\Lib</Filter>
    </ClInclude>
    <ClInclude Include="pad\Pad.h">
      <Filter>ソース ファイル\Pad</Filter>
    </ClInclude>
    <ClInclude Include="tk\tkEnginePreCompile.h">
      <Filter>ソース ファイル\Tk</Filter>
    </ClInclude>
    <ClInclude Include="tk\tkNoncopyable.h">
      <Filter>ソース ファイル\Tk</Filter>
    </ClInclude>
    <ClInclude Include="tk\typedef.h">
      <Filter>ソース ファイル\Tk</Filter>
    </ClInclude>
    <ClInclude Include="tk\tkAssert.h">
      <Filter>ソース ファイル\Tk</Filter>
    </ClInclude>
    <ClInclude Include="pad\KeyInput.h">
      <Filter>ソース ファイル\Pad</Filter>
    </ClInclude>
    <ClInclude Include="BulletPhysics\BulletPhysics.h">
      <Filter>ソース ファイル\BulletPhysics</Filter>
    </ClInclude>
    <ClInclude Include="Particle\Particle.h">
      <Filter>ソース ファイル\Particle</Filter>
    </ClInclude>
    <ClInclude Include="Particle\ParticleEmitter.h">
      <Filter>ソース ファイル\Particle</Filter>
    </ClInclude>
    <ClInclude Include="Particle\Primitive.h">
      <Filter>ソース ファイル\Particle</Filter>
    </ClInclude>
    <ClInclude Include="Particle\VertexBuffer.h">
      <Filter>ソース ファイル\Particle</Filter>
    </ClInclude>
    <ClInclude Include="Particle\IndexBuffer.h">
      <Filter>ソース ファイル\Particle</Filter>
    </ClInclude>
    <ClInclude Include="Sound\SoundSource.h">
      <Filter>ソース ファイル\Sound</Filter>
    </ClInclude>
    <ClInclude Include="Sound\WaveFile.h">
      <Filter>ソース ファイル\Sound</Filter>
    </ClInclude>
    <ClInclude Include="Sound\SoundEngine.h">
      <Filter>ソース ファイル\Sound</Filter>
    </ClInclude>
    <ClInclude Include="tk\tkLog.h">
      <Filter>ソース ファイル\Tk</Filter>
    </ClInclude>
    <ClInclude Include="physics\SphereCollider.h">
      <Filter>ソース ファイル\Physics</Filter>
    </ClInclude>
    <ClInclude Include="physics\CapsuleCollider.h">
      <Filter>ソース ファイル\Physics</Filter>
    </ClInclude>
    <ClInclude Include="physics\ICollider.h">
      <Filter>ソース ファイル\Physics</Filter>
    </ClInclude>
    <ClInclude Include="physics\RigidBody.h">
      <Filter>ソース ファイル\Physics</Filter>
    </ClInclude>
    <ClInclude Include="character\CharacterController.h">
      <Filter>ソース ファイル\Character</Filter>
    </ClInclude>
    <ClInclude Include="character\CollisionAttr.h">
      <Filter>ソース ファイル\Character</Filter>
    </ClInclude>
    <ClInclude Include="physics\Physics.h">
      <Filter>ソース ファイル\Physics</Filter>
    </ClInclude>
    <ClInclude Include="Scene\Scene.h">
      <Filter>ソース ファイル\Scene</Filter>
    </ClInclude>
    <ClInclude Include="Scene\SceneManager.h">
      <Filter>ソース ファイル\Scene</Filter>
    </ClInclude>
    <ClInclude Include="Result\ResultDeath.h">
      <Filter>ソース ファイル\Result</Filter>
    </ClInclude>
    <ClInclude Include="Result\ResultGoal.h">
      <Filter>ソース ファイル\Result</Filter>
    </ClInclude>
    <ClInclude Include="Result\ResultLight.h">
      <Filter>ソース ファイル\Result</Filter>
    </ClInclude>
    <ClInclude Include="Result\ResultScene.h">
      <Filter>ソース ファイル\Result</Filter>
    </ClInclude>
    <ClInclude Include="Result\ResultCamera.h">
      <Filter>ソース ファイル\Result</Filter>
    </ClInclude>
    <ClInclude Include="Title\TitleLight.h">
      <Filter>ソース ファイル\Title</Filter>
    </ClInclude>
    <ClInclude Include="Title\TitleScene.h">
      <Filter>ソース ファイル\Title</Filter>
    </ClInclude>
    <ClInclude Include="Title\TitleStart.h">
      <Filter>ソース ファイル\Title</Filter>
    </ClInclude>
    <ClInclude Include="Title\TitleStartBG.h">
      <Filter>ソース ファイル\Title</Filter>
    </ClInclude>
    <ClInclude Include="Title\Title.h">
      <Filter>ソース ファイル\Title</Filter>
    </ClInclude>
    <ClInclude Include="Title\TitleCamera.h">
      <Filter>ソース ファイル\Title</Filter>
    </ClInclude>
    <ClInclude Include="Fade.h">
      <Filter>ソース ファイル</Filter>
    </ClInclude>
    <ClInclude Include="Const.h">
      <Filter>ソース ファイル</Filter>
    </ClInclude>
    <ClInclude Include="Frame\bloom.h">
      <Filter>ソース ファイル\Frame</Filter>
    </ClInclude>
    <ClInclude Include="Frame\CalcAABBSizeFromMesh.h">
      <Filter>ソース ファイル\Frame</Filter>
    </ClInclude>
    <ClInclude Include="Frame\EffectManager.h">
      <Filter>ソース ファイル\Frame</Filter>
    </ClInclude>
    <ClInclude Include="Frame\Model.h">
      <Filter>ソース ファイル\Frame</Filter>
    </ClInclude>
    <ClInclude Include="Frame\RenderTarget.h">
      <Filter>ソース ファイル\Frame</Filter>
    </ClInclude>
    <ClInclude Include="Frame\ShadowMap.h">
      <Filter>ソース ファイル\Frame</Filter>
    </ClInclude>
    <ClInclude Include="Frame\SkinModel.h">
      <Filter>ソース ファイル\Frame</Filter>
    </ClInclude>
    <ClInclude Include="Frame\SkinModelData.h">
      <Filter>ソース ファイル\Frame</Filter>
    </ClInclude>
    <ClInclude Include="Frame\SkinModelDataManager.h">
      <Filter>ソース ファイル\Frame</Filter>
    </ClInclude>
    <ClInclude Include="Frame\Texture.h">
      <Filter>ソース ファイル\Frame</Filter>
    </ClInclude>
    <ClInclude Include="Frame\Turn.h">
      <Filter>ソース ファイル\Frame</Filter>
    </ClInclude>
    <ClInclude Include="Frame\2DImage.h">
      <Filter>ソース ファイル\Frame</Filter>
    </ClInclude>
    <ClInclude Include="Frame\Animation.h">
      <Filter>ソース ファイル\Frame</Filter>
    </ClInclude>
    <ClInclude Include="Frame\BallCollision.h">
      <Filter>ソース ファイル\Frame</Filter>
    </ClInclude>
    <ClInclude Include="Coin\CoinGet.h">
      <Filter>ソース ファイル\Coin</Filter>
    </ClInclude>
    <ClInclude Include="Coin\CoinNomber.h">
      <Filter>ソース ファイル\Coin</Filter>
    </ClInclude>
    <ClInclude Include="Coin\Coin.h">
      <Filter>ソース ファイル\Coin</Filter>
    </ClInclude>
    <ClInclude Include="Coin\CoinChip.h">
      <Filter>ソース ファイル\Coin</Filter>
    </ClInclude>
    <ClInclude Include="Boss\BossKatto.h">
      <Filter>ソース ファイル\Game\Boss</Filter>
    </ClInclude>
    <ClInclude Include="Boss\BossLife.h">
      <Filter>ソース ファイル\Game\Boss</Filter>
    </ClInclude>
    <ClInclude Include="Boss\BossLifeChip.h">
      <Filter>ソース ファイル\Game\Boss</Filter>
    </ClInclude>
    <ClInclude Include="Boss\BossLifeWakuChip.h">
      <Filter>ソース ファイル\Game\Boss</Filter>
    </ClInclude>
    <ClInclude Include="Boss\BossName.h">
      <Filter>ソース ファイル\Game\Boss</Filter>
    </ClInclude>
    <ClInclude Include="Boss\Boss.h">
      <Filter>ソース ファイル\Game\Boss</Filter>
    </ClInclude>
    <ClInclude Include="Boss\BossClear.h">
      <Filter>ソース ファイル\Game\Boss</Filter>
    </ClInclude>
    <ClInclude Include="Camera\SkyCamera.h">
      <Filter>ソース ファイル\Game\Camera</Filter>
    </ClInclude>
    <ClInclude Include="Camera\Camera.h">
      <Filter>ソース ファイル\Game\Camera</Filter>
    </ClInclude>
    <ClInclude Include="Enemy\Mohurun.h">
      <Filter>ソース ファイル\Game\Enemy</Filter>
    </ClInclude>
    <ClInclude Include="Enemy\MohurunChip.h">
      <Filter>ソース ファイル\Game\Enemy</Filter>
    </ClInclude>
    <ClInclude Include="Enemy\Saboten.h">
      <Filter>ソース ファイル\Game\Enemy</Filter>
    </ClInclude>
    <ClInclude Include="Enemy\Bird.h">
      <Filter>ソース ファイル\Game\Enemy</Filter>
    </ClInclude>
    <ClInclude Include="Enemy\BirdChip.h">
      <Filter>ソース ファイル\Game\Enemy</Filter>
    </ClInclude>
    <ClInclude Include="Enemy\Kame.h">
      <Filter>ソース ファイル\Game\Enemy</Filter>
    </ClInclude>
    <ClInclude Include="Gimmick\Kinoko.h">
      <Filter>ソース ファイル\Game\Gimmick</Filter>
    </ClInclude>
    <ClInclude Include="Gimmick\RotationGimmick.h">
      <Filter>ソース ファイル\Game\Gimmick</Filter>
    </ClInclude>
    <ClInclude Include="Goal\GoalFlag.h">
      <Filter>ソース ファイル\Game\Goal</Filter>
    </ClInclude>
    <ClInclude Include="Goal\Goal.h">
      <Filter>ソース ファイル\Game\Goal</Filter>
    </ClInclude>
    <ClInclude Include="Light\Light.h">
      <Filter>ソース ファイル\Game\Light</Filter>
    </ClInclude>
    <ClInclude Include="Light\LightBack.h">
      <Filter>ソース ファイル\Game\Light</Filter>
    </ClInclude>
    <ClInclude Include="Player\Player.h">
      <Filter>ソース ファイル\Game\Player</Filter>
    </ClInclude>
    <ClInclude Include="Map\MapChip.h">
      <Filter>ソース ファイル\Game\Map</Filter>
    </ClInclude>
    <ClInclude Include="Map\Stage.h">
      <Filter>ソース ファイル\Game\Map</Filter>
    </ClInclude>
    <ClInclude Include="Map\StageBack.h">
      <Filter>ソース ファイル\Game\Map</Filter>
    </ClInclude>
    <ClInclude Include="Map\Sun.h">
      <Filter>ソース ファイル\Game\Map</Filter>
    </ClInclude>
    <ClInclude Include="Map\Map.h">
      <Filter>ソース ファイル\Game\Map</Filter>
    </ClInclude>
    <ClInclude Include="Pipe\Pipe.h">
      <Filter>ソース ファイル\Game\Pipe</Filter>
    </ClInclude>
    <ClInclude Include="Pipe\PipeChip.h">
      <Filter>ソース ファイル\Game\Pipe</Filter>
    </ClInclude>
    <ClInclude Include="Block\HatenaBox.h">
      <Filter>ソース ファイル\Game\Block</Filter>
    </ClInclude>
    <ClInclude Include="Block\NBlock.h">
      <Filter>ソース ファイル\Game\Block</Filter>
    </ClInclude>
    <ClInclude Include="Block\NBlockChip.h">
      <Filter>ソース ファイル\Game\Block</Filter>
    </ClInclude>
    <ClInclude Include="Block\NoBlock.h">
      <Filter>ソース ファイル\Game\Block</Filter>
    </ClInclude>
  </ItemGroup>
</Project>