<?xml version="1.0" encoding="utf-8"?>
<Project ToolsVersion="4.0" xmlns="http://schemas.microsoft.com/developer/msbuild/2003">
  <ItemGroup>
    <Filter Include="ソース ファイル">
      <UniqueIdentifier>{4FC737F1-C7A5-4376-A066-2A32D752A2FF}</UniqueIdentifier>
      <Extensions>cpp;c;cc;cxx;def;odl;idl;hpj;bat;asm;asmx</Extensions>
    </Filter>
    <Filter Include="ヘッダー ファイル">
      <UniqueIdentifier>{93995380-89BD-4b04-88EB-625FBE52EBFB}</UniqueIdentifier>
      <Extensions>h;hh;hpp;hxx;hm;inl;inc;xsd</Extensions>
    </Filter>
    <Filter Include="リソース ファイル">
      <UniqueIdentifier>{67DA6AB6-F800-4c08-8B7A-83BB121AAD01}</UniqueIdentifier>
      <Extensions>rc;ico;cur;bmp;dlg;rc2;rct;bin;rgs;gif;jpg;jpeg;jpe;resx;tiff;tif;png;wav;mfcribbon-ms</Extensions>
    </Filter>
    <Filter Include="ソース ファイル\lib">
      <UniqueIdentifier>{34269f86-fcf0-417d-bbaf-01a363a64e09}</UniqueIdentifier>
    </Filter>
    <Filter Include="ソース ファイル\pad">
      <UniqueIdentifier>{fa6906b0-780d-47fe-b1d5-c2aef6917411}</UniqueIdentifier>
    </Filter>
    <Filter Include="ソース ファイル\tk">
      <UniqueIdentifier>{a2bbd92c-fe74-41f8-afab-5b57c3a2c0b7}</UniqueIdentifier>
    </Filter>
    <Filter Include="ソース ファイル\BulletPhysics">
      <UniqueIdentifier>{1f27f491-1791-459c-ac30-70e165085359}</UniqueIdentifier>
    </Filter>
    <Filter Include="ソース ファイル\IsIntersect">
      <UniqueIdentifier>{d3660505-4980-48d9-8457-7f752a1c3b92}</UniqueIdentifier>
    </Filter>
  </ItemGroup>
  <ItemGroup>
    <ClCompile Include="main.cpp">
      <Filter>ソース ファイル</Filter>
    </ClCompile>
    <ClCompile Include="Camera.cpp">
      <Filter>ソース ファイル</Filter>
    </ClCompile>
    <ClCompile Include="stdafx.cpp">
      <Filter>ソース ファイル</Filter>
    </ClCompile>
    <ClCompile Include="lib\System.cpp">
      <Filter>ソース ファイル\lib</Filter>
    </ClCompile>
    <ClCompile Include="Model.cpp">
      <Filter>ソース ファイル</Filter>
    </ClCompile>
    <ClCompile Include="Light.cpp">
      <Filter>ソース ファイル</Filter>
    </ClCompile>
    <ClCompile Include="Player.cpp">
      <Filter>ソース ファイル</Filter>
    </ClCompile>
    <ClCompile Include="Block.cpp">
      <Filter>ソース ファイル</Filter>
    </ClCompile>
    <ClCompile Include="pad\Pad.cpp">
      <Filter>ソース ファイル\pad</Filter>
    </ClCompile>
    <ClCompile Include="tk\tkEnginePreCompile.cpp">
      <Filter>ソース ファイル\tk</Filter>
    </ClCompile>
    <ClCompile Include="pad\KeyInput.cpp">
      <Filter>ソース ファイル\pad</Filter>
    </ClCompile>
    <ClCompile Include="BulletPhysics\BulletPhysics.cpp">
      <Filter>ソース ファイル\BulletPhysics</Filter>
    </ClCompile>
    <ClCompile Include="IsIntersect\IsIntersect.cpp">
      <Filter>ソース ファイル\IsIntersect</Filter>
    </ClCompile>
    <ClCompile Include="HatenaBox.cpp">
      <Filter>ソース ファイル</Filter>
    </ClCompile>
    <ClCompile Include="Kinoko.cpp">
      <Filter>ソース ファイル</Filter>
    </ClCompile>
    <ClCompile Include="CalcAABBSizeFromMesh.cpp">
      <Filter>ソース ファイル</Filter>
    </ClCompile>
    <ClCompile Include="NBlock.cpp">
      <Filter>ソース ファイル</Filter>
    </ClCompile>
    <ClCompile Include="StageBack.cpp">
      <Filter>ソース ファイル</Filter>
    </ClCompile>
    <ClCompile Include="Pipe.cpp">
      <Filter>ソース ファイル</Filter>
    </ClCompile>
    <ClCompile Include="Stage.cpp">
      <Filter>ソース ファイル</Filter>
    </ClCompile>
    <ClCompile Include="Texture.cpp">
      <Filter>ソース ファイル</Filter>
    </ClCompile>
    <ClCompile Include="MapChip.cpp">
      <Filter>ソース ファイル</Filter>
    </ClCompile>
    <ClCompile Include="Map.cpp">
      <Filter>ソース ファイル</Filter>
    </ClCompile>
    <ClCompile Include="LightBack.cpp">
      <Filter>ソース ファイル</Filter>
    </ClCompile>
    <ClCompile Include="RenderTarget.cpp">
      <Filter>ソース ファイル</Filter>
    </ClCompile>
    <ClCompile Include="Turn.cpp">
      <Filter>ソース ファイル</Filter>
    </ClCompile>
    <ClCompile Include="ShadowMap.cpp">
      <Filter>ソース ファイル</Filter>
    </ClCompile>
    <ClCompile Include="Goal.cpp">
      <Filter>ソース ファイル</Filter>
    </ClCompile>
    <ClCompile Include="Saboten.cpp">
      <Filter>ソース ファイル</Filter>
    </ClCompile>
    <ClCompile Include="PipeChip.cpp">
      <Filter>ソース ファイル</Filter>
    </ClCompile>
  </ItemGroup>
  <ItemGroup>
    <ClInclude Include="Camera.h">
      <Filter>ソース ファイル</Filter>
    </ClInclude>
    <ClInclude Include="stdafx.h">
      <Filter>ソース ファイル</Filter>
    </ClInclude>
    <ClInclude Include="lib\System.h">
      <Filter>ソース ファイル\lib</Filter>
    </ClInclude>
    <ClInclude Include="Model.h">
      <Filter>ソース ファイル</Filter>
    </ClInclude>
    <ClInclude Include="Light.h">
      <Filter>ソース ファイル</Filter>
    </ClInclude>
    <ClInclude Include="Player.h">
      <Filter>ソース ファイル</Filter>
    </ClInclude>
    <ClInclude Include="Block.h">
      <Filter>ソース ファイル</Filter>
    </ClInclude>
    <ClInclude Include="pad\Pad.h">
      <Filter>ソース ファイル\pad</Filter>
    </ClInclude>
    <ClInclude Include="tk\tkEnginePreCompile.h">
      <Filter>ソース ファイル\tk</Filter>
    </ClInclude>
    <ClInclude Include="tk\tkNoncopyable.h">
      <Filter>ソース ファイル\tk</Filter>
    </ClInclude>
    <ClInclude Include="tk\typedef.h">
      <Filter>ソース ファイル\tk</Filter>
    </ClInclude>
    <ClInclude Include="tk\tkAssert.h">
      <Filter>ソース ファイル\tk</Filter>
    </ClInclude>
    <ClInclude Include="pad\KeyInput.h">
      <Filter>ソース ファイル\pad</Filter>
    </ClInclude>
    <ClInclude Include="BulletPhysics\BulletPhysics.h">
      <Filter>ソース ファイル\BulletPhysics</Filter>
    </ClInclude>
    <ClInclude Include="IsIntersect\IsIntersect.h">
      <Filter>ソース ファイル\IsIntersect</Filter>
    </ClInclude>
    <ClInclude Include="IsIntersect\IPlayerCollisionCallback.h">
      <Filter>ソース ファイル\IsIntersect</Filter>
    </ClInclude>
    <ClInclude Include="Stage.h">
      <Filter>ソース ファイル</Filter>
    </ClInclude>
    <ClInclude Include="HatenaBox.h">
      <Filter>ソース ファイル</Filter>
    </ClInclude>
    <ClInclude Include="CalcAABBSizeFromMesh.h">
      <Filter>ソース ファイル</Filter>
    </ClInclude>
    <ClInclude Include="Kinoko.h">
      <Filter>ソース ファイル</Filter>
    </ClInclude>
    <ClInclude Include="NBlock.h">
      <Filter>ソース ファイル</Filter>
    </ClInclude>
    <ClInclude Include="StageBack.h">
      <Filter>ソース ファイル</Filter>
    </ClInclude>
    <ClInclude Include="Pipe.h">
      <Filter>ソース ファイル</Filter>
    </ClInclude>
    <ClInclude Include="Texture.h">
      <Filter>ソース ファイル</Filter>
    </ClInclude>
    <ClInclude Include="MapChip.h">
      <Filter>ソース ファイル</Filter>
    </ClInclude>
    <ClInclude Include="Map.h">
      <Filter>ソース ファイル</Filter>
    </ClInclude>
    <ClInclude Include="LightBack.h">
      <Filter>ソース ファイル</Filter>
    </ClInclude>
    <ClInclude Include="RenderTarget.h">
      <Filter>ソース ファイル</Filter>
    </ClInclude>
    <ClInclude Include="Turn.h">
      <Filter>ソース ファイル</Filter>
    </ClInclude>
    <ClInclude Include="ShadowMap.h">
      <Filter>ソース ファイル</Filter>
    </ClInclude>
    <ClInclude Include="Goal.h">
      <Filter>ソース ファイル</Filter>
    </ClInclude>
    <ClInclude Include="Saboten.h">
      <Filter>ソース ファイル</Filter>
    </ClInclude>
    <ClInclude Include="PipeChip.h">
      <Filter>ソース ファイル</Filter>
    </ClInclude>
  </ItemGroup>
</Project>